// !$*UTF8*$!
{
	archiveVersion = 1;
	classes = {
	};
	objectVersion = 46;
	objects = {

/* Begin PBXBuildFile section */
		C0044AD02312E40300E21CD3 /* NotificationModel.swift in Sources */ = {isa = PBXBuildFile; fileRef = C0044ACF2312E40300E21CD3 /* NotificationModel.swift */; };
		C04663382386EF80002DD622 /* WebKit.framework in Frameworks */ = {isa = PBXBuildFile; fileRef = C04663362386EF7C002DD622 /* WebKit.framework */; };
		C046633B2386F22B002DD622 /* StoryNotifier.swift in Sources */ = {isa = PBXBuildFile; fileRef = C0F8DA8D1E14FF80001C6EAC /* StoryNotifier.swift */; };
		C08F3E872316173300C2261D /* Extension.swift in Sources */ = {isa = PBXBuildFile; fileRef = C08F3E862316173300C2261D /* Extension.swift */; };
		C0B35CDB1E26ACB100220E89 /* KakaoNotification.swift in Sources */ = {isa = PBXBuildFile; fileRef = C0B35CDA1E26ACB100220E89 /* KakaoNotification.swift */; };
		C0B35CE51E2713EA00220E89 /* StatusViewController.swift in Sources */ = {isa = PBXBuildFile; fileRef = C0B35CE31E2713EA00220E89 /* StatusViewController.swift */; };
		C0B35CE61E2713EA00220E89 /* StatusViewController.xib in Resources */ = {isa = PBXBuildFile; fileRef = C0B35CE41E2713EA00220E89 /* StatusViewController.xib */; };
		C0F8DA6A1E14B288001C6EAC /* AppDelegate.swift in Sources */ = {isa = PBXBuildFile; fileRef = C0F8DA691E14B288001C6EAC /* AppDelegate.swift */; };
		C0F8DA6C1E14B288001C6EAC /* ViewController.swift in Sources */ = {isa = PBXBuildFile; fileRef = C0F8DA6B1E14B288001C6EAC /* ViewController.swift */; };
		C0F8DA6E1E14B288001C6EAC /* Assets.xcassets in Resources */ = {isa = PBXBuildFile; fileRef = C0F8DA6D1E14B288001C6EAC /* Assets.xcassets */; };
		C0F8DA711E14B288001C6EAC /* Main.storyboard in Resources */ = {isa = PBXBuildFile; fileRef = C0F8DA6F1E14B288001C6EAC /* Main.storyboard */; };
		C0F8DA7C1E14E4C6001C6EAC /* EventMonitor.swift in Sources */ = {isa = PBXBuildFile; fileRef = C0F8DA7B1E14E4C6001C6EAC /* EventMonitor.swift */; };
/* End PBXBuildFile section */

/* Begin PBXFileReference section */
		C0044ACF2312E40300E21CD3 /* NotificationModel.swift */ = {isa = PBXFileReference; lastKnownFileType = sourcecode.swift; path = NotificationModel.swift; sourceTree = "<group>"; };
		C027D8141E419EF100FF3433 /* dsa_pub.pem */ = {isa = PBXFileReference; fileEncoding = 4; lastKnownFileType = text; path = dsa_pub.pem; sourceTree = "<group>"; };
		C04663362386EF7C002DD622 /* WebKit.framework */ = {isa = PBXFileReference; lastKnownFileType = wrapper.framework; name = WebKit.framework; path = System/Library/Frameworks/WebKit.framework; sourceTree = SDKROOT; };
		C07D839F2379025400BD90D3 /* ko */ = {isa = PBXFileReference; lastKnownFileType = text.plist.strings; name = ko; path = ko.lproj/Main.strings; sourceTree = "<group>"; };
		C08F3E862316173300C2261D /* Extension.swift */ = {isa = PBXFileReference; fileEncoding = 4; lastKnownFileType = sourcecode.swift; path = Extension.swift; sourceTree = "<group>"; };
		C0B35CDA1E26ACB100220E89 /* KakaoNotification.swift */ = {isa = PBXFileReference; fileEncoding = 4; lastKnownFileType = sourcecode.swift; path = KakaoNotification.swift; sourceTree = "<group>"; };
		C0B35CE31E2713EA00220E89 /* StatusViewController.swift */ = {isa = PBXFileReference; fileEncoding = 4; lastKnownFileType = sourcecode.swift; path = StatusViewController.swift; sourceTree = "<group>"; };
		C0B35CE41E2713EA00220E89 /* StatusViewController.xib */ = {isa = PBXFileReference; fileEncoding = 4; lastKnownFileType = file.xib; path = StatusViewController.xib; sourceTree = "<group>"; };
		C0BC379323161EC800FB10A5 /* Story Notifier.entitlements */ = {isa = PBXFileReference; lastKnownFileType = text.plist.entitlements; path = "Story Notifier.entitlements"; sourceTree = "<group>"; };
		C0F8DA661E14B288001C6EAC /* Story Notifier.app */ = {isa = PBXFileReference; explicitFileType = wrapper.application; includeInIndex = 0; path = "Story Notifier.app"; sourceTree = BUILT_PRODUCTS_DIR; };
		C0F8DA691E14B288001C6EAC /* AppDelegate.swift */ = {isa = PBXFileReference; lastKnownFileType = sourcecode.swift; path = AppDelegate.swift; sourceTree = "<group>"; };
		C0F8DA6B1E14B288001C6EAC /* ViewController.swift */ = {isa = PBXFileReference; lastKnownFileType = sourcecode.swift; path = ViewController.swift; sourceTree = "<group>"; };
		C0F8DA6D1E14B288001C6EAC /* Assets.xcassets */ = {isa = PBXFileReference; lastKnownFileType = folder.assetcatalog; path = Assets.xcassets; sourceTree = "<group>"; };
		C0F8DA701E14B288001C6EAC /* Base */ = {isa = PBXFileReference; lastKnownFileType = file.storyboard; name = Base; path = Base.lproj/Main.storyboard; sourceTree = "<group>"; };
		C0F8DA721E14B288001C6EAC /* Info.plist */ = {isa = PBXFileReference; lastKnownFileType = text.plist.xml; path = Info.plist; sourceTree = "<group>"; };
		C0F8DA7B1E14E4C6001C6EAC /* EventMonitor.swift */ = {isa = PBXFileReference; fileEncoding = 4; lastKnownFileType = sourcecode.swift; path = EventMonitor.swift; sourceTree = "<group>"; };
		C0F8DA8D1E14FF80001C6EAC /* StoryNotifier.swift */ = {isa = PBXFileReference; fileEncoding = 4; lastKnownFileType = sourcecode.swift; path = StoryNotifier.swift; sourceTree = "<group>"; };
/* End PBXFileReference section */

/* Begin PBXFrameworksBuildPhase section */
		C0F8DA631E14B288001C6EAC /* Frameworks */ = {
			isa = PBXFrameworksBuildPhase;
			buildActionMask = 2147483647;
			files = (
				C04663382386EF80002DD622 /* WebKit.framework in Frameworks */,
			);
			runOnlyForDeploymentPostprocessing = 0;
		};
/* End PBXFrameworksBuildPhase section */

/* Begin PBXGroup section */
		C027D8171E41D79D00FF3433 /* Support files */ = {
			isa = PBXGroup;
			children = (
				C027D8141E419EF100FF3433 /* dsa_pub.pem */,
				C0F8DA721E14B288001C6EAC /* Info.plist */,
			);
			name = "Support files";
			sourceTree = "<group>";
		};
		C08F3E84231616F900C2261D /* Model */ = {
			isa = PBXGroup;
			children = (
				C0044ACF2312E40300E21CD3 /* NotificationModel.swift */,
				C0B35CDA1E26ACB100220E89 /* KakaoNotification.swift */,
			);
			name = Model;
			sourceTree = "<group>";
		};
		C08F3E852316170800C2261D /* Helper */ = {
			isa = PBXGroup;
			children = (
				C08F3E862316173300C2261D /* Extension.swift */,
				C0F8DA7B1E14E4C6001C6EAC /* EventMonitor.swift */,
			);
			name = Helper;
			sourceTree = "<group>";
		};
		C0BC379023161EC100FB10A5 /* Frameworks */ = {
			isa = PBXGroup;
			children = (
				C04663362386EF7C002DD622 /* WebKit.framework */,
			);
			name = Frameworks;
			sourceTree = "<group>";
		};
		C0F8DA5D1E14B288001C6EAC = {
			isa = PBXGroup;
			children = (
				C0F8DA681E14B288001C6EAC /* StoryNotifier */,
				C0F8DA671E14B288001C6EAC /* Products */,
				C0BC379023161EC100FB10A5 /* Frameworks */,
			);
			sourceTree = "<group>";
		};
		C0F8DA671E14B288001C6EAC /* Products */ = {
			isa = PBXGroup;
			children = (
				C0F8DA661E14B288001C6EAC /* Story Notifier.app */,
			);
			name = Products;
			sourceTree = "<group>";
		};
		C0F8DA681E14B288001C6EAC /* StoryNotifier */ = {
			isa = PBXGroup;
			children = (
				C0BC379323161EC800FB10A5 /* Story Notifier.entitlements */,
				C08F3E852316170800C2261D /* Helper */,
				C08F3E84231616F900C2261D /* Model */,
				C0F8DA691E14B288001C6EAC /* AppDelegate.swift */,
				C0F8DA8D1E14FF80001C6EAC /* StoryNotifier.swift */,
				C0F8DA6B1E14B288001C6EAC /* ViewController.swift */,
				C0B35CE31E2713EA00220E89 /* StatusViewController.swift */,
				C0F8DA6D1E14B288001C6EAC /* Assets.xcassets */,
				C0F8DA6F1E14B288001C6EAC /* Main.storyboard */,
				C0B35CE41E2713EA00220E89 /* StatusViewController.xib */,
				C027D8171E41D79D00FF3433 /* Support files */,
			);
			path = StoryNotifier;
			sourceTree = "<group>";
		};
/* End PBXGroup section */

/* Begin PBXNativeTarget section */
		C0F8DA651E14B288001C6EAC /* StoryNotifier */ = {
			isa = PBXNativeTarget;
			buildConfigurationList = C0F8DA751E14B288001C6EAC /* Build configuration list for PBXNativeTarget "StoryNotifier" */;
			buildPhases = (
				C0F8DA621E14B288001C6EAC /* Sources */,
				C0F8DA631E14B288001C6EAC /* Frameworks */,
				C0F8DA641E14B288001C6EAC /* Resources */,
			);
			buildRules = (
			);
			dependencies = (
			);
			name = StoryNotifier;
			productName = StoryNotifier;
			productReference = C0F8DA661E14B288001C6EAC /* Story Notifier.app */;
			productType = "com.apple.product-type.application";
		};
/* End PBXNativeTarget section */

/* Begin PBXProject section */
		C0F8DA5E1E14B288001C6EAC /* Project object */ = {
			isa = PBXProject;
			attributes = {
				LastSwiftUpdateCheck = 0820;
				LastUpgradeCheck = 1100;
				ORGANIZATIONNAME = "Team Vanilla";
				TargetAttributes = {
					C0F8DA651E14B288001C6EAC = {
						CreatedOnToolsVersion = 8.2;
						DevelopmentTeam = UP6EXS2HJJ;
						LastSwiftMigration = 1100;
						ProvisioningStyle = Automatic;
						SystemCapabilities = {
							com.apple.HardenedRuntime = {
								enabled = 0;
							};
							com.apple.InAppPurchase = {
								enabled = 0;
							};
							com.apple.Push = {
								enabled = 0;
							};
							com.apple.Sandbox = {
								enabled = 1;
							};
						};
					};
				};
			};
			buildConfigurationList = C0F8DA611E14B288001C6EAC /* Build configuration list for PBXProject "StoryNotifier" */;
			compatibilityVersion = "Xcode 3.2";
			developmentRegion = English;
			hasScannedForEncodings = 0;
			knownRegions = (
				English,
				Base,
				ko,
			);
			mainGroup = C0F8DA5D1E14B288001C6EAC;
			productRefGroup = C0F8DA671E14B288001C6EAC /* Products */;
			projectDirPath = "";
			projectRoot = "";
			targets = (
				C0F8DA651E14B288001C6EAC /* StoryNotifier */,
			);
		};
/* End PBXProject section */

/* Begin PBXResourcesBuildPhase section */
		C0F8DA641E14B288001C6EAC /* Resources */ = {
			isa = PBXResourcesBuildPhase;
			buildActionMask = 2147483647;
			files = (
				C0B35CE61E2713EA00220E89 /* StatusViewController.xib in Resources */,
				C0F8DA6E1E14B288001C6EAC /* Assets.xcassets in Resources */,
				C0F8DA711E14B288001C6EAC /* Main.storyboard in Resources */,
			);
			runOnlyForDeploymentPostprocessing = 0;
		};
/* End PBXResourcesBuildPhase section */

/* Begin PBXSourcesBuildPhase section */
		C0F8DA621E14B288001C6EAC /* Sources */ = {
			isa = PBXSourcesBuildPhase;
			buildActionMask = 2147483647;
			files = (
				C0044AD02312E40300E21CD3 /* NotificationModel.swift in Sources */,
				C0B35CE51E2713EA00220E89 /* StatusViewController.swift in Sources */,
				C0B35CDB1E26ACB100220E89 /* KakaoNotification.swift in Sources */,
				C0F8DA7C1E14E4C6001C6EAC /* EventMonitor.swift in Sources */,
				C0F8DA6C1E14B288001C6EAC /* ViewController.swift in Sources */,
				C08F3E872316173300C2261D /* Extension.swift in Sources */,
				C0F8DA6A1E14B288001C6EAC /* AppDelegate.swift in Sources */,
				C046633B2386F22B002DD622 /* StoryNotifier.swift in Sources */,
			);
			runOnlyForDeploymentPostprocessing = 0;
		};
/* End PBXSourcesBuildPhase section */

/* Begin PBXVariantGroup section */
		C0F8DA6F1E14B288001C6EAC /* Main.storyboard */ = {
			isa = PBXVariantGroup;
			children = (
				C0F8DA701E14B288001C6EAC /* Base */,
				C07D839F2379025400BD90D3 /* ko */,
			);
			name = Main.storyboard;
			sourceTree = "<group>";
		};
/* End PBXVariantGroup section */

/* Begin XCBuildConfiguration section */
		C0F8DA731E14B288001C6EAC /* Debug */ = {
			isa = XCBuildConfiguration;
			buildSettings = {
				ALWAYS_SEARCH_USER_PATHS = NO;
				CLANG_ANALYZER_LOCALIZABILITY_NONLOCALIZED = YES;
				CLANG_ANALYZER_NONNULL = YES;
				CLANG_CXX_LANGUAGE_STANDARD = "gnu++0x";
				CLANG_CXX_LIBRARY = "libc++";
				CLANG_ENABLE_MODULES = YES;
				CLANG_ENABLE_OBJC_ARC = YES;
				CLANG_WARN_BLOCK_CAPTURE_AUTORELEASING = YES;
				CLANG_WARN_BOOL_CONVERSION = YES;
				CLANG_WARN_COMMA = YES;
				CLANG_WARN_CONSTANT_CONVERSION = YES;
				CLANG_WARN_DEPRECATED_OBJC_IMPLEMENTATIONS = YES;
				CLANG_WARN_DIRECT_OBJC_ISA_USAGE = YES_ERROR;
				CLANG_WARN_DOCUMENTATION_COMMENTS = YES;
				CLANG_WARN_EMPTY_BODY = YES;
				CLANG_WARN_ENUM_CONVERSION = YES;
				CLANG_WARN_INFINITE_RECURSION = YES;
				CLANG_WARN_INT_CONVERSION = YES;
				CLANG_WARN_NON_LITERAL_NULL_CONVERSION = YES;
				CLANG_WARN_OBJC_IMPLICIT_RETAIN_SELF = YES;
				CLANG_WARN_OBJC_LITERAL_CONVERSION = YES;
				CLANG_WARN_OBJC_ROOT_CLASS = YES_ERROR;
				CLANG_WARN_RANGE_LOOP_ANALYSIS = YES;
				CLANG_WARN_STRICT_PROTOTYPES = YES;
				CLANG_WARN_SUSPICIOUS_MOVE = YES;
				CLANG_WARN_UNREACHABLE_CODE = YES;
				CLANG_WARN__DUPLICATE_METHOD_MATCH = YES;
				CODE_SIGN_IDENTITY = "-";
				COPY_PHASE_STRIP = NO;
				DEBUG_INFORMATION_FORMAT = dwarf;
				ENABLE_STRICT_OBJC_MSGSEND = YES;
				ENABLE_TESTABILITY = YES;
				GCC_C_LANGUAGE_STANDARD = gnu99;
				GCC_DYNAMIC_NO_PIC = NO;
				GCC_NO_COMMON_BLOCKS = YES;
				GCC_OPTIMIZATION_LEVEL = 0;
				GCC_PREPROCESSOR_DEFINITIONS = (
					"DEBUG=1",
					"$(inherited)",
				);
				GCC_WARN_64_TO_32_BIT_CONVERSION = YES;
				GCC_WARN_ABOUT_RETURN_TYPE = YES_ERROR;
				GCC_WARN_UNDECLARED_SELECTOR = YES;
				GCC_WARN_UNINITIALIZED_AUTOS = YES_AGGRESSIVE;
				GCC_WARN_UNUSED_FUNCTION = YES;
				GCC_WARN_UNUSED_VARIABLE = YES;
				MACOSX_DEPLOYMENT_TARGET = 10.12;
				MTL_ENABLE_DEBUG_INFO = YES;
				ONLY_ACTIVE_ARCH = YES;
				SDKROOT = macosx;
				SKIP_INSTALL = YES;
				SWIFT_ACTIVE_COMPILATION_CONDITIONS = DEBUG;
				SWIFT_OPTIMIZATION_LEVEL = "-Onone";
			};
			name = Debug;
		};
		C0F8DA741E14B288001C6EAC /* Release */ = {
			isa = XCBuildConfiguration;
			buildSettings = {
				ALWAYS_SEARCH_USER_PATHS = NO;
				CLANG_ANALYZER_LOCALIZABILITY_NONLOCALIZED = YES;
				CLANG_ANALYZER_NONNULL = YES;
				CLANG_CXX_LANGUAGE_STANDARD = "gnu++0x";
				CLANG_CXX_LIBRARY = "libc++";
				CLANG_ENABLE_MODULES = YES;
				CLANG_ENABLE_OBJC_ARC = YES;
				CLANG_WARN_BLOCK_CAPTURE_AUTORELEASING = YES;
				CLANG_WARN_BOOL_CONVERSION = YES;
				CLANG_WARN_COMMA = YES;
				CLANG_WARN_CONSTANT_CONVERSION = YES;
				CLANG_WARN_DEPRECATED_OBJC_IMPLEMENTATIONS = YES;
				CLANG_WARN_DIRECT_OBJC_ISA_USAGE = YES_ERROR;
				CLANG_WARN_DOCUMENTATION_COMMENTS = YES;
				CLANG_WARN_EMPTY_BODY = YES;
				CLANG_WARN_ENUM_CONVERSION = YES;
				CLANG_WARN_INFINITE_RECURSION = YES;
				CLANG_WARN_INT_CONVERSION = YES;
				CLANG_WARN_NON_LITERAL_NULL_CONVERSION = YES;
				CLANG_WARN_OBJC_IMPLICIT_RETAIN_SELF = YES;
				CLANG_WARN_OBJC_LITERAL_CONVERSION = YES;
				CLANG_WARN_OBJC_ROOT_CLASS = YES_ERROR;
				CLANG_WARN_RANGE_LOOP_ANALYSIS = YES;
				CLANG_WARN_STRICT_PROTOTYPES = YES;
				CLANG_WARN_SUSPICIOUS_MOVE = YES;
				CLANG_WARN_UNREACHABLE_CODE = YES;
				CLANG_WARN__DUPLICATE_METHOD_MATCH = YES;
				CODE_SIGN_IDENTITY = "-";
				COPY_PHASE_STRIP = NO;
				DEBUG_INFORMATION_FORMAT = "dwarf-with-dsym";
				ENABLE_NS_ASSERTIONS = NO;
				ENABLE_STRICT_OBJC_MSGSEND = YES;
				GCC_C_LANGUAGE_STANDARD = gnu99;
				GCC_NO_COMMON_BLOCKS = YES;
				GCC_WARN_64_TO_32_BIT_CONVERSION = YES;
				GCC_WARN_ABOUT_RETURN_TYPE = YES_ERROR;
				GCC_WARN_UNDECLARED_SELECTOR = YES;
				GCC_WARN_UNINITIALIZED_AUTOS = YES_AGGRESSIVE;
				GCC_WARN_UNUSED_FUNCTION = YES;
				GCC_WARN_UNUSED_VARIABLE = YES;
				MACOSX_DEPLOYMENT_TARGET = 10.12;
				MTL_ENABLE_DEBUG_INFO = NO;
				SDKROOT = macosx;
				SKIP_INSTALL = YES;
				SWIFT_OPTIMIZATION_LEVEL = "-Owholemodule";
			};
			name = Release;
		};
		C0F8DA761E14B288001C6EAC /* Debug */ = {
			isa = XCBuildConfiguration;
			buildSettings = {
				ASSETCATALOG_COMPILER_APPICON_NAME = AppIcon;
				CLANG_ENABLE_MODULES = YES;
				CODE_SIGN_ENTITLEMENTS = "StoryNotifier/Story Notifier.entitlements";
				CODE_SIGN_IDENTITY = "Mac Developer";
				COMBINE_HIDPI_IMAGES = YES;
				CURRENT_PROJECT_VERSION = 2021.03090200;
				DEVELOPMENT_TEAM = UP6EXS2HJJ;
				INFOPLIST_FILE = StoryNotifier/Info.plist;
				LD_RUNPATH_SEARCH_PATHS = "$(inherited) @executable_path/../Frameworks";
				MARKETING_VERSION = 1.0.8;
				PRODUCT_BUNDLE_IDENTIFIER = co.cenox.StoryNotifier;
				PRODUCT_MODULE_NAME = "${TARGET_NAME}";
				PRODUCT_NAME = "Story Notifier";
				SKIP_INSTALL = NO;
				SWIFT_OPTIMIZATION_LEVEL = "-Onone";
				SWIFT_VERSION = 5.0;
			};
			name = Debug;
		};
		C0F8DA771E14B288001C6EAC /* Release */ = {
			isa = XCBuildConfiguration;
			buildSettings = {
				ASSETCATALOG_COMPILER_APPICON_NAME = AppIcon;
				CLANG_ENABLE_MODULES = YES;
				CODE_SIGN_ENTITLEMENTS = "StoryNotifier/Story Notifier.entitlements";
				CODE_SIGN_IDENTITY = "Mac Developer";
				COMBINE_HIDPI_IMAGES = YES;
				CURRENT_PROJECT_VERSION = 2021.03090200;
				DEVELOPMENT_TEAM = UP6EXS2HJJ;
				INFOPLIST_FILE = StoryNotifier/Info.plist;
				LD_RUNPATH_SEARCH_PATHS = "$(inherited) @executable_path/../Frameworks";
				MARKETING_VERSION = 1.0.8;
				PRODUCT_BUNDLE_IDENTIFIER = co.cenox.StoryNotifier;
				PRODUCT_MODULE_NAME = "${TARGET_NAME}";
				PRODUCT_NAME = "Story Notifier";
				SKIP_INSTALL = NO;
				SWIFT_VERSION = 5.0;
			};
			name = Release;
		};
/* End XCBuildConfiguration section */

/* Begin XCConfigurationList section */
		C0F8DA611E14B288001C6EAC /* Build configuration list for PBXProject "StoryNotifier" */ = {
			isa = XCConfigurationList;
			buildConfigurations = (
				C0F8DA731E14B288001C6EAC /* Debug */,
				C0F8DA741E14B288001C6EAC /* Release */,
			);
			defaultConfigurationIsVisible = 0;
			defaultConfigurationName = Release;
		};
		C0F8DA751E14B288001C6EAC /* Build configuration list for PBXNativeTarget "StoryNotifier" */ = {
			isa = XCConfigurationList;
			buildConfigurations = (
				C0F8DA761E14B288001C6EAC /* Debug */,
				C0F8DA771E14B288001C6EAC /* Release */,
			);
			defaultConfigurationIsVisible = 0;
			defaultConfigurationName = Release;
		};
/* End XCConfigurationList section */
	};
	rootObject = C0F8DA5E1E14B288001C6EAC /* Project object */;
}
