// !$*UTF8*$!
{
	archiveVersion = 1;
	classes = {
	};
	objectVersion = 46;
	objects = {

/* Begin PBXBuildFile section */
		452290AA1F6727860D0A3AA7 /* Pods_StoryNotifier.framework in Frameworks */ = {isa = PBXBuildFile; fileRef = 98088A5EFCAA51738EB93D79 /* Pods_StoryNotifier.framework */; };
		C027D8151E419EF100FF3433 /* dsa_pub.pem in Resources */ = {isa = PBXBuildFile; fileRef = C027D8141E419EF100FF3433 /* dsa_pub.pem */; };
		C0B35CDB1E26ACB100220E89 /* structs.swift in Sources */ = {isa = PBXBuildFile; fileRef = C0B35CDA1E26ACB100220E89 /* structs.swift */; };
		C0B35CE51E2713EA00220E89 /* StatusViewController.swift in Sources */ = {isa = PBXBuildFile; fileRef = C0B35CE31E2713EA00220E89 /* StatusViewController.swift */; };
		C0B35CE61E2713EA00220E89 /* StatusViewController.xib in Resources */ = {isa = PBXBuildFile; fileRef = C0B35CE41E2713EA00220E89 /* StatusViewController.xib */; };
		C0B35D051E27248100220E89 /* relaunch in Resources */ = {isa = PBXBuildFile; fileRef = C0B35D021E27237600220E89 /* relaunch */; };
		C0F8DA6A1E14B288001C6EAC /* AppDelegate.swift in Sources */ = {isa = PBXBuildFile; fileRef = C0F8DA691E14B288001C6EAC /* AppDelegate.swift */; };
		C0F8DA6C1E14B288001C6EAC /* ViewController.swift in Sources */ = {isa = PBXBuildFile; fileRef = C0F8DA6B1E14B288001C6EAC /* ViewController.swift */; };
		C0F8DA6E1E14B288001C6EAC /* Assets.xcassets in Resources */ = {isa = PBXBuildFile; fileRef = C0F8DA6D1E14B288001C6EAC /* Assets.xcassets */; };
		C0F8DA711E14B288001C6EAC /* Main.storyboard in Resources */ = {isa = PBXBuildFile; fileRef = C0F8DA6F1E14B288001C6EAC /* Main.storyboard */; };
		C0F8DA7C1E14E4C6001C6EAC /* EventMonitor.swift in Sources */ = {isa = PBXBuildFile; fileRef = C0F8DA7B1E14E4C6001C6EAC /* EventMonitor.swift */; };
		C0F8DA821E14EB95001C6EAC /* Lib.swift in Sources */ = {isa = PBXBuildFile; fileRef = C0F8DA811E14EB95001C6EAC /* Lib.swift */; };
		C0F8DA881E14F45F001C6EAC /* Crypto.m in Sources */ = {isa = PBXBuildFile; fileRef = C0F8DA871E14F45F001C6EAC /* Crypto.m */; };
		C0F8DA8E1E14FF80001C6EAC /* StoryNotifier.swift in Sources */ = {isa = PBXBuildFile; fileRef = C0F8DA8D1E14FF80001C6EAC /* StoryNotifier.swift */; };
/* End PBXBuildFile section */

/* Begin PBXContainerItemProxy section */
		C0B35D011E27237600220E89 /* PBXContainerItemProxy */ = {
			isa = PBXContainerItemProxy;
			containerPortal = C0B35CFD1E27237400220E89 /* relaunch.xcodeproj */;
			proxyType = 2;
			remoteGlobalIDString = C0B35CF31E27237400220E89;
			remoteInfo = relaunch;
		};
		C0B35D031E27238500220E89 /* PBXContainerItemProxy */ = {
			isa = PBXContainerItemProxy;
			containerPortal = C0B35CFD1E27237400220E89 /* relaunch.xcodeproj */;
			proxyType = 1;
			remoteGlobalIDString = C0B35CF21E27237400220E89;
			remoteInfo = relaunch;
		};
/* End PBXContainerItemProxy section */

/* Begin PBXFileReference section */
		39BA6741B3E3EE69646B8162 /* Pods-Story Notifier.debug.xcconfig */ = {isa = PBXFileReference; includeInIndex = 1; lastKnownFileType = text.xcconfig; name = "Pods-Story Notifier.debug.xcconfig"; path = "Pods/Target Support Files/Pods-Story Notifier/Pods-Story Notifier.debug.xcconfig"; sourceTree = "<group>"; };
		4DFD58B1230E1C6C9140CA62 /* Pods_Story_Notifier.framework */ = {isa = PBXFileReference; explicitFileType = wrapper.framework; includeInIndex = 0; path = Pods_Story_Notifier.framework; sourceTree = BUILT_PRODUCTS_DIR; };
		7ECE26C004C25E79C0A5EFCD /* Pods-StoryNotifier.release.xcconfig */ = {isa = PBXFileReference; includeInIndex = 1; lastKnownFileType = text.xcconfig; name = "Pods-StoryNotifier.release.xcconfig"; path = "Pods/Target Support Files/Pods-StoryNotifier/Pods-StoryNotifier.release.xcconfig"; sourceTree = "<group>"; };
		98088A5EFCAA51738EB93D79 /* Pods_StoryNotifier.framework */ = {isa = PBXFileReference; explicitFileType = wrapper.framework; includeInIndex = 0; path = Pods_StoryNotifier.framework; sourceTree = BUILT_PRODUCTS_DIR; };
		AB8D7F33272982D3017CD70B /* Pods-StoryNotifier.debug.xcconfig */ = {isa = PBXFileReference; includeInIndex = 1; lastKnownFileType = text.xcconfig; name = "Pods-StoryNotifier.debug.xcconfig"; path = "Pods/Target Support Files/Pods-StoryNotifier/Pods-StoryNotifier.debug.xcconfig"; sourceTree = "<group>"; };
		C027D8141E419EF100FF3433 /* dsa_pub.pem */ = {isa = PBXFileReference; fileEncoding = 4; lastKnownFileType = text; path = dsa_pub.pem; sourceTree = "<group>"; };
		C0B35CDA1E26ACB100220E89 /* structs.swift */ = {isa = PBXFileReference; fileEncoding = 4; lastKnownFileType = sourcecode.swift; path = structs.swift; sourceTree = "<group>"; };
		C0B35CE31E2713EA00220E89 /* StatusViewController.swift */ = {isa = PBXFileReference; fileEncoding = 4; lastKnownFileType = sourcecode.swift; path = StatusViewController.swift; sourceTree = "<group>"; };
		C0B35CE41E2713EA00220E89 /* StatusViewController.xib */ = {isa = PBXFileReference; fileEncoding = 4; lastKnownFileType = file.xib; path = StatusViewController.xib; sourceTree = "<group>"; };
		C0B35CFD1E27237400220E89 /* relaunch.xcodeproj */ = {isa = PBXFileReference; lastKnownFileType = "wrapper.pb-project"; name = relaunch.xcodeproj; path = relaunch/relaunch.xcodeproj; sourceTree = "<group>"; };
		C0F8DA661E14B288001C6EAC /* Story Notifier.app */ = {isa = PBXFileReference; explicitFileType = wrapper.application; includeInIndex = 0; path = "Story Notifier.app"; sourceTree = BUILT_PRODUCTS_DIR; };
		C0F8DA691E14B288001C6EAC /* AppDelegate.swift */ = {isa = PBXFileReference; lastKnownFileType = sourcecode.swift; path = AppDelegate.swift; sourceTree = "<group>"; };
		C0F8DA6B1E14B288001C6EAC /* ViewController.swift */ = {isa = PBXFileReference; lastKnownFileType = sourcecode.swift; path = ViewController.swift; sourceTree = "<group>"; };
		C0F8DA6D1E14B288001C6EAC /* Assets.xcassets */ = {isa = PBXFileReference; lastKnownFileType = folder.assetcatalog; path = Assets.xcassets; sourceTree = "<group>"; };
		C0F8DA701E14B288001C6EAC /* Base */ = {isa = PBXFileReference; lastKnownFileType = file.storyboard; name = Base; path = Base.lproj/Main.storyboard; sourceTree = "<group>"; };
		C0F8DA721E14B288001C6EAC /* Info.plist */ = {isa = PBXFileReference; lastKnownFileType = text.plist.xml; path = Info.plist; sourceTree = "<group>"; };
		C0F8DA7B1E14E4C6001C6EAC /* EventMonitor.swift */ = {isa = PBXFileReference; fileEncoding = 4; lastKnownFileType = sourcecode.swift; path = EventMonitor.swift; sourceTree = "<group>"; };
		C0F8DA811E14EB95001C6EAC /* Lib.swift */ = {isa = PBXFileReference; fileEncoding = 4; lastKnownFileType = sourcecode.swift; path = Lib.swift; sourceTree = "<group>"; };
		C0F8DA831E14F43D001C6EAC /* StoryNotifier-Bridging-Header.h */ = {isa = PBXFileReference; lastKnownFileType = sourcecode.c.h; path = "StoryNotifier-Bridging-Header.h"; sourceTree = "<group>"; };
		C0F8DA861E14F45F001C6EAC /* Crypto.h */ = {isa = PBXFileReference; fileEncoding = 4; lastKnownFileType = sourcecode.c.h; path = Crypto.h; sourceTree = "<group>"; };
		C0F8DA871E14F45F001C6EAC /* Crypto.m */ = {isa = PBXFileReference; fileEncoding = 4; lastKnownFileType = sourcecode.c.objc; path = Crypto.m; sourceTree = "<group>"; };
		C0F8DA8D1E14FF80001C6EAC /* StoryNotifier.swift */ = {isa = PBXFileReference; fileEncoding = 4; lastKnownFileType = sourcecode.swift; path = StoryNotifier.swift; sourceTree = "<group>"; };
		C8F0CDDF76BB2C77153F9EFF /* Pods-Story Notifier.release.xcconfig */ = {isa = PBXFileReference; includeInIndex = 1; lastKnownFileType = text.xcconfig; name = "Pods-Story Notifier.release.xcconfig"; path = "Pods/Target Support Files/Pods-Story Notifier/Pods-Story Notifier.release.xcconfig"; sourceTree = "<group>"; };
/* End PBXFileReference section */

/* Begin PBXFrameworksBuildPhase section */
		C0F8DA631E14B288001C6EAC /* Frameworks */ = {
			isa = PBXFrameworksBuildPhase;
			buildActionMask = 2147483647;
			files = (
				452290AA1F6727860D0A3AA7 /* Pods_StoryNotifier.framework in Frameworks */,
			);
			runOnlyForDeploymentPostprocessing = 0;
		};
/* End PBXFrameworksBuildPhase section */

/* Begin PBXGroup section */
		3A025F67EB6DCA776B1F3AEE /* Frameworks */ = {
			isa = PBXGroup;
			children = (
				98088A5EFCAA51738EB93D79 /* Pods_StoryNotifier.framework */,
				4DFD58B1230E1C6C9140CA62 /* Pods_Story_Notifier.framework */,
			);
			name = Frameworks;
			sourceTree = "<group>";
		};
		5DC3535AB497778F10D3F7F8 /* Pods */ = {
			isa = PBXGroup;
			children = (
				AB8D7F33272982D3017CD70B /* Pods-StoryNotifier.debug.xcconfig */,
				7ECE26C004C25E79C0A5EFCD /* Pods-StoryNotifier.release.xcconfig */,
				39BA6741B3E3EE69646B8162 /* Pods-Story Notifier.debug.xcconfig */,
				C8F0CDDF76BB2C77153F9EFF /* Pods-Story Notifier.release.xcconfig */,
			);
			name = Pods;
			sourceTree = "<group>";
		};
		C027D8161E41D78700FF3433 /* Lib */ = {
			isa = PBXGroup;
			children = (
				C0B35CDA1E26ACB100220E89 /* structs.swift */,
				C0F8DA861E14F45F001C6EAC /* Crypto.h */,
				C0F8DA871E14F45F001C6EAC /* Crypto.m */,
				C0F8DA811E14EB95001C6EAC /* Lib.swift */,
			);
			name = Lib;
			sourceTree = "<group>";
		};
		C027D8171E41D79D00FF3433 /* Support files */ = {
			isa = PBXGroup;
			children = (
				C027D8141E419EF100FF3433 /* dsa_pub.pem */,
				C0F8DA721E14B288001C6EAC /* Info.plist */,
				C0F8DA831E14F43D001C6EAC /* StoryNotifier-Bridging-Header.h */,
			);
			name = "Support files";
			sourceTree = "<group>";
		};
		C0B35CFE1E27237400220E89 /* Products */ = {
			isa = PBXGroup;
			children = (
				C0B35D021E27237600220E89 /* relaunch */,
			);
			name = Products;
			sourceTree = "<group>";
		};
		C0F8DA5D1E14B288001C6EAC = {
			isa = PBXGroup;
			children = (
				C0B35CFD1E27237400220E89 /* relaunch.xcodeproj */,
				C0F8DA681E14B288001C6EAC /* StoryNotifier */,
				C0F8DA671E14B288001C6EAC /* Products */,
				5DC3535AB497778F10D3F7F8 /* Pods */,
				3A025F67EB6DCA776B1F3AEE /* Frameworks */,
			);
			sourceTree = "<group>";
		};
		C0F8DA671E14B288001C6EAC /* Products */ = {
			isa = PBXGroup;
			children = (
				C0F8DA661E14B288001C6EAC /* Story Notifier.app */,
			);
			name = Products;
			sourceTree = "<group>";
		};
		C0F8DA681E14B288001C6EAC /* StoryNotifier */ = {
			isa = PBXGroup;
			children = (
				C0F8DA691E14B288001C6EAC /* AppDelegate.swift */,
				C0F8DA8D1E14FF80001C6EAC /* StoryNotifier.swift */,
				C0F8DA6B1E14B288001C6EAC /* ViewController.swift */,
				C0F8DA7B1E14E4C6001C6EAC /* EventMonitor.swift */,
				C0B35CE31E2713EA00220E89 /* StatusViewController.swift */,
				C0B35CE41E2713EA00220E89 /* StatusViewController.xib */,
				C0F8DA6D1E14B288001C6EAC /* Assets.xcassets */,
				C0F8DA6F1E14B288001C6EAC /* Main.storyboard */,
				C027D8161E41D78700FF3433 /* Lib */,
				C027D8171E41D79D00FF3433 /* Support files */,
			);
			path = StoryNotifier;
			sourceTree = "<group>";
		};
/* End PBXGroup section */

/* Begin PBXNativeTarget section */
		C0F8DA651E14B288001C6EAC /* StoryNotifier */ = {
			isa = PBXNativeTarget;
			buildConfigurationList = C0F8DA751E14B288001C6EAC /* Build configuration list for PBXNativeTarget "StoryNotifier" */;
			buildPhases = (
				A9C1DE9C4FEAEF322C03EB28 /* [CP] Check Pods Manifest.lock */,
				C0F8DA621E14B288001C6EAC /* Sources */,
				C0F8DA631E14B288001C6EAC /* Frameworks */,
				C0F8DA641E14B288001C6EAC /* Resources */,
				72A472B762436AF3E36BF34C /* [CP] Embed Pods Frameworks */,
			);
			buildRules = (
			);
			dependencies = (
				C0B35D041E27238500220E89 /* PBXTargetDependency */,
			);
			name = StoryNotifier;
			productName = StoryNotifier;
			productReference = C0F8DA661E14B288001C6EAC /* Story Notifier.app */;
			productType = "com.apple.product-type.application";
		};
/* End PBXNativeTarget section */

/* Begin PBXProject section */
		C0F8DA5E1E14B288001C6EAC /* Project object */ = {
			isa = PBXProject;
			attributes = {
				LastSwiftUpdateCheck = 0820;
				LastUpgradeCheck = 0820;
				ORGANIZATIONNAME = "Team Vanilla";
				TargetAttributes = {
					C0F8DA651E14B288001C6EAC = {
						CreatedOnToolsVersion = 8.2;
						DevelopmentTeam = UP6EXS2HJJ;
						LastSwiftMigration = 0820;
						ProvisioningStyle = Automatic;
					};
				};
			};
			buildConfigurationList = C0F8DA611E14B288001C6EAC /* Build configuration list for PBXProject "StoryNotifier" */;
			compatibilityVersion = "Xcode 3.2";
			developmentRegion = English;
			hasScannedForEncodings = 0;
			knownRegions = (
				en,
				Base,
			);
			mainGroup = C0F8DA5D1E14B288001C6EAC;
			productRefGroup = C0F8DA671E14B288001C6EAC /* Products */;
			projectDirPath = "";
			projectReferences = (
				{
					ProductGroup = C0B35CFE1E27237400220E89 /* Products */;
					ProjectRef = C0B35CFD1E27237400220E89 /* relaunch.xcodeproj */;
				},
			);
			projectRoot = "";
			targets = (
				C0F8DA651E14B288001C6EAC /* StoryNotifier */,
			);
		};
/* End PBXProject section */

/* Begin PBXReferenceProxy section */
		C0B35D021E27237600220E89 /* relaunch */ = {
			isa = PBXReferenceProxy;
			fileType = "compiled.mach-o.executable";
			path = relaunch;
			remoteRef = C0B35D011E27237600220E89 /* PBXContainerItemProxy */;
			sourceTree = BUILT_PRODUCTS_DIR;
		};
/* End PBXReferenceProxy section */

/* Begin PBXResourcesBuildPhase section */
		C0F8DA641E14B288001C6EAC /* Resources */ = {
			isa = PBXResourcesBuildPhase;
			buildActionMask = 2147483647;
			files = (
				C027D8151E419EF100FF3433 /* dsa_pub.pem in Resources */,
				C0B35CE61E2713EA00220E89 /* StatusViewController.xib in Resources */,
				C0B35D051E27248100220E89 /* relaunch in Resources */,
				C0F8DA6E1E14B288001C6EAC /* Assets.xcassets in Resources */,
				C0F8DA711E14B288001C6EAC /* Main.storyboard in Resources */,
			);
			runOnlyForDeploymentPostprocessing = 0;
		};
/* End PBXResourcesBuildPhase section */

/* Begin PBXShellScriptBuildPhase section */
		72A472B762436AF3E36BF34C /* [CP] Embed Pods Frameworks */ = {
			isa = PBXShellScriptBuildPhase;
			buildActionMask = 2147483647;
			files = (
			);
			inputPaths = (
				"${SRCROOT}/Pods/Target Support Files/Pods-StoryNotifier/Pods-StoryNotifier-frameworks.sh",
				"${PODS_ROOT}/Sparkle/Sparkle.framework",
				"${PODS_ROOT}/Sparkle/Sparkle.framework.dSYM",
			);
			name = "[CP] Embed Pods Frameworks";
			outputPaths = (
				"${TARGET_BUILD_DIR}/${FRAMEWORKS_FOLDER_PATH}/Sparkle.framework",
				"${DWARF_DSYM_FOLDER_PATH}/Sparkle.framework.dSYM",
			);
			runOnlyForDeploymentPostprocessing = 0;
			shellPath = /bin/sh;
			shellScript = "\"${SRCROOT}/Pods/Target Support Files/Pods-StoryNotifier/Pods-StoryNotifier-frameworks.sh\"\n";
			showEnvVarsInLog = 0;
		};
		A9C1DE9C4FEAEF322C03EB28 /* [CP] Check Pods Manifest.lock */ = {
			isa = PBXShellScriptBuildPhase;
			buildActionMask = 2147483647;
			files = (
			);
			inputPaths = (
				"${PODS_PODFILE_DIR_PATH}/Podfile.lock",
				"${PODS_ROOT}/Manifest.lock",
			);
			name = "[CP] Check Pods Manifest.lock";
			outputPaths = (
				"$(DERIVED_FILE_DIR)/Pods-StoryNotifier-checkManifestLockResult.txt",
			);
			runOnlyForDeploymentPostprocessing = 0;
			shellPath = /bin/sh;
			shellScript = "diff \"${PODS_PODFILE_DIR_PATH}/Podfile.lock\" \"${PODS_ROOT}/Manifest.lock\" > /dev/null\nif [ $? != 0 ] ; then\n    # print error to STDERR\n    echo \"error: The sandbox is not in sync with the Podfile.lock. Run 'pod install' or update your CocoaPods installation.\" >&2\n    exit 1\nfi\n# This output is used by Xcode 'outputs' to avoid re-running this script phase.\necho \"SUCCESS\" > \"${SCRIPT_OUTPUT_FILE_0}\"\n";
			showEnvVarsInLog = 0;
		};
/* End PBXShellScriptBuildPhase section */

/* Begin PBXSourcesBuildPhase section */
		C0F8DA621E14B288001C6EAC /* Sources */ = {
			isa = PBXSourcesBuildPhase;
			buildActionMask = 2147483647;
			files = (
				C0B35CE51E2713EA00220E89 /* StatusViewController.swift in Sources */,
				C0B35CDB1E26ACB100220E89 /* structs.swift in Sources */,
				C0F8DA7C1E14E4C6001C6EAC /* EventMonitor.swift in Sources */,
				C0F8DA6C1E14B288001C6EAC /* ViewController.swift in Sources */,
				C0F8DA6A1E14B288001C6EAC /* AppDelegate.swift in Sources */,
				C0F8DA821E14EB95001C6EAC /* Lib.swift in Sources */,
				C0F8DA8E1E14FF80001C6EAC /* StoryNotifier.swift in Sources */,
				C0F8DA881E14F45F001C6EAC /* Crypto.m in Sources */,
			);
			runOnlyForDeploymentPostprocessing = 0;
		};
/* End PBXSourcesBuildPhase section */

/* Begin PBXTargetDependency section */
		C0B35D041E27238500220E89 /* PBXTargetDependency */ = {
			isa = PBXTargetDependency;
			name = relaunch;
			targetProxy = C0B35D031E27238500220E89 /* PBXContainerItemProxy */;
		};
/* End PBXTargetDependency section */

/* Begin PBXVariantGroup section */
		C0F8DA6F1E14B288001C6EAC /* Main.storyboard */ = {
			isa = PBXVariantGroup;
			children = (
				C0F8DA701E14B288001C6EAC /* Base */,
			);
			name = Main.storyboard;
			sourceTree = "<group>";
		};
/* End PBXVariantGroup section */

/* Begin XCBuildConfiguration section */
		C0F8DA731E14B288001C6EAC /* Debug */ = {
			isa = XCBuildConfiguration;
			buildSettings = {
				ALWAYS_SEARCH_USER_PATHS = NO;
				CLANG_ANALYZER_LOCALIZABILITY_NONLOCALIZED = YES;
				CLANG_ANALYZER_NONNULL = YES;
				CLANG_CXX_LANGUAGE_STANDARD = "gnu++0x";
				CLANG_CXX_LIBRARY = "libc++";
				CLANG_ENABLE_MODULES = YES;
				CLANG_ENABLE_OBJC_ARC = YES;
				CLANG_WARN_BOOL_CONVERSION = YES;
				CLANG_WARN_CONSTANT_CONVERSION = YES;
				CLANG_WARN_DIRECT_OBJC_ISA_USAGE = YES_ERROR;
				CLANG_WARN_DOCUMENTATION_COMMENTS = YES;
				CLANG_WARN_EMPTY_BODY = YES;
				CLANG_WARN_ENUM_CONVERSION = YES;
				CLANG_WARN_INFINITE_RECURSION = YES;
				CLANG_WARN_INT_CONVERSION = YES;
				CLANG_WARN_OBJC_ROOT_CLASS = YES_ERROR;
				CLANG_WARN_SUSPICIOUS_MOVE = YES;
				CLANG_WARN_UNREACHABLE_CODE = YES;
				CLANG_WARN__DUPLICATE_METHOD_MATCH = YES;
				CODE_SIGN_IDENTITY = "-";
				COPY_PHASE_STRIP = NO;
				DEBUG_INFORMATION_FORMAT = dwarf;
				ENABLE_STRICT_OBJC_MSGSEND = YES;
				ENABLE_TESTABILITY = YES;
				GCC_C_LANGUAGE_STANDARD = gnu99;
				GCC_DYNAMIC_NO_PIC = NO;
				GCC_NO_COMMON_BLOCKS = YES;
				GCC_OPTIMIZATION_LEVEL = 0;
				GCC_PREPROCESSOR_DEFINITIONS = (
					"DEBUG=1",
					"$(inherited)",
				);
				GCC_WARN_64_TO_32_BIT_CONVERSION = YES;
				GCC_WARN_ABOUT_RETURN_TYPE = YES_ERROR;
				GCC_WARN_UNDECLARED_SELECTOR = YES;
				GCC_WARN_UNINITIALIZED_AUTOS = YES_AGGRESSIVE;
				GCC_WARN_UNUSED_FUNCTION = YES;
				GCC_WARN_UNUSED_VARIABLE = YES;
				MACOSX_DEPLOYMENT_TARGET = 10.12;
				MTL_ENABLE_DEBUG_INFO = YES;
				ONLY_ACTIVE_ARCH = YES;
				SDKROOT = macosx;
				SWIFT_ACTIVE_COMPILATION_CONDITIONS = DEBUG;
				SWIFT_OPTIMIZATION_LEVEL = "-Onone";
			};
			name = Debug;
		};
		C0F8DA741E14B288001C6EAC /* Release */ = {
			isa = XCBuildConfiguration;
			buildSettings = {
				ALWAYS_SEARCH_USER_PATHS = NO;
				CLANG_ANALYZER_LOCALIZABILITY_NONLOCALIZED = YES;
				CLANG_ANALYZER_NONNULL = YES;
				CLANG_CXX_LANGUAGE_STANDARD = "gnu++0x";
				CLANG_CXX_LIBRARY = "libc++";
				CLANG_ENABLE_MODULES = YES;
				CLANG_ENABLE_OBJC_ARC = YES;
				CLANG_WARN_BOOL_CONVERSION = YES;
				CLANG_WARN_CONSTANT_CONVERSION = YES;
				CLANG_WARN_DIRECT_OBJC_ISA_USAGE = YES_ERROR;
				CLANG_WARN_DOCUMENTATION_COMMENTS = YES;
				CLANG_WARN_EMPTY_BODY = YES;
				CLANG_WARN_ENUM_CONVERSION = YES;
				CLANG_WARN_INFINITE_RECURSION = YES;
				CLANG_WARN_INT_CONVERSION = YES;
				CLANG_WARN_OBJC_ROOT_CLASS = YES_ERROR;
				CLANG_WARN_SUSPICIOUS_MOVE = YES;
				CLANG_WARN_UNREACHABLE_CODE = YES;
				CLANG_WARN__DUPLICATE_METHOD_MATCH = YES;
				CODE_SIGN_IDENTITY = "-";
				COPY_PHASE_STRIP = NO;
				DEBUG_INFORMATION_FORMAT = "dwarf-with-dsym";
				ENABLE_NS_ASSERTIONS = NO;
				ENABLE_STRICT_OBJC_MSGSEND = YES;
				GCC_C_LANGUAGE_STANDARD = gnu99;
				GCC_NO_COMMON_BLOCKS = YES;
				GCC_WARN_64_TO_32_BIT_CONVERSION = YES;
				GCC_WARN_ABOUT_RETURN_TYPE = YES_ERROR;
				GCC_WARN_UNDECLARED_SELECTOR = YES;
				GCC_WARN_UNINITIALIZED_AUTOS = YES_AGGRESSIVE;
				GCC_WARN_UNUSED_FUNCTION = YES;
				GCC_WARN_UNUSED_VARIABLE = YES;
				MACOSX_DEPLOYMENT_TARGET = 10.12;
				MTL_ENABLE_DEBUG_INFO = NO;
				SDKROOT = macosx;
				SWIFT_OPTIMIZATION_LEVEL = "-Owholemodule";
			};
			name = Release;
		};
		C0F8DA761E14B288001C6EAC /* Debug */ = {
			isa = XCBuildConfiguration;
			baseConfigurationReference = AB8D7F33272982D3017CD70B /* Pods-StoryNotifier.debug.xcconfig */;
			buildSettings = {
				ASSETCATALOG_COMPILER_APPICON_NAME = AppIcon;
				CLANG_ENABLE_MODULES = YES;
				CODE_SIGN_IDENTITY = "Mac Developer";
				COMBINE_HIDPI_IMAGES = YES;
				DEVELOPMENT_TEAM = UP6EXS2HJJ;
				INFOPLIST_FILE = StoryNotifier/Info.plist;
				LD_RUNPATH_SEARCH_PATHS = "$(inherited) @executable_path/../Frameworks";
				PRODUCT_BUNDLE_IDENTIFIER = co.cenox.StoryNotifier;
				PRODUCT_MODULE_NAME = "${TARGET_NAME}";
				PRODUCT_NAME = "Story Notifier";
				SWIFT_OBJC_BRIDGING_HEADER = "StoryNotifier/StoryNotifier-Bridging-Header.h";
				SWIFT_OPTIMIZATION_LEVEL = "-Onone";
				SWIFT_VERSION = 3.0;
			};
			name = Debug;
		};
		C0F8DA771E14B288001C6EAC /* Release */ = {
			isa = XCBuildConfiguration;
			baseConfigurationReference = 7ECE26C004C25E79C0A5EFCD /* Pods-StoryNotifier.release.xcconfig */;
			buildSettings = {
				ASSETCATALOG_COMPILER_APPICON_NAME = AppIcon;
				CLANG_ENABLE_MODULES = YES;
				CODE_SIGN_IDENTITY = "Mac Developer";
				COMBINE_HIDPI_IMAGES = YES;
				DEVELOPMENT_TEAM = UP6EXS2HJJ;
				INFOPLIST_FILE = StoryNotifier/Info.plist;
				LD_RUNPATH_SEARCH_PATHS = "$(inherited) @executable_path/../Frameworks";
				PRODUCT_BUNDLE_IDENTIFIER = co.cenox.StoryNotifier;
				PRODUCT_MODULE_NAME = "${TARGET_NAME}";
				PRODUCT_NAME = "Story Notifier";
				SWIFT_OBJC_BRIDGING_HEADER = "StoryNotifier/StoryNotifier-Bridging-Header.h";
				SWIFT_VERSION = 3.0;
			};
			name = Release;
		};
/* End XCBuildConfiguration section */

/* Begin XCConfigurationList section */
		C0F8DA611E14B288001C6EAC /* Build configuration list for PBXProject "StoryNotifier" */ = {
			isa = XCConfigurationList;
			buildConfigurations = (
				C0F8DA731E14B288001C6EAC /* Debug */,
				C0F8DA741E14B288001C6EAC /* Release */,
			);
			defaultConfigurationIsVisible = 0;
			defaultConfigurationName = Release;
		};
		C0F8DA751E14B288001C6EAC /* Build configuration list for PBXNativeTarget "StoryNotifier" */ = {
			isa = XCConfigurationList;
			buildConfigurations = (
				C0F8DA761E14B288001C6EAC /* Debug */,
				C0F8DA771E14B288001C6EAC /* Release */,
			);
			defaultConfigurationIsVisible = 0;
			defaultConfigurationName = Release;
		};
/* End XCConfigurationList section */
	};
	rootObject = C0F8DA5E1E14B288001C6EAC /* Project object */;
}
